schema: '2.0'
stages:
  load_data:
    cmd: python src/load_data.py --config=params.yaml
    deps:
    - path: data_given/winequality.csv
      md5: 6a883fd98624e18c0b7ce251f4fab4fb
      size: 100951
    - path: src/get_data.py
      md5: 1670fab623a1667f41b06f3be7d5cafb
      size: 878
    - path: src/load_data.py
      md5: 27718e3e2b6f119264cecc547b3190c2
      size: 1084
    outs:
    - path: data/raw/winequality.csv
      md5: fb3717741cf304b0aa657c85e7e1bb41
      size: 95022
  split_data:
    cmd: python src/split_data.py --config=params.yaml
    deps:
    - path: data/raw/winequality.csv
      md5: fb3717741cf304b0aa657c85e7e1bb41
      size: 95022
    - path: src/split_data.py
      md5: 72af76eaeb781e45356c5be89f3b1638
      size: 1207
    outs:
    - path: data/processed/test_winequality.csv
      md5: 69d161d2cbd75be7c75d0114a03ba129
      size: 20416
    - path: data/processed/train_winequality.csv
      md5: e2ee703011a8bc9c608439e3d50da9e6
      size: 80681
  train_and_evaluate:
    cmd: python src/train_and_evaluate.py --config=params.yaml
    deps:
    - path: data/processed/test_winequality.csv
      md5: 69d161d2cbd75be7c75d0114a03ba129
      size: 20416
    - path: data/processed/train_winequality.csv
      md5: e2ee703011a8bc9c608439e3d50da9e6
      size: 80681
    - path: src/train_and_evaluate.py
      md5: fe7da01662a8ad19c35079ab3dbbe645
      size: 2853
    params:
      params.yaml:
        estimators.ElasticNet.params.alpha: 0.88
        estimators.ElasticNet.params.l1_ratio: 0.89
    outs:
    - path: report/params.json
      md5: 0568f34313ba7c5e55128b75dbcbee5c
      size: 43
    - path: report/scores.json
      md5: ac89e037063ee307b6d23c8ef0583610
      size: 96
    - path: saved_models/model.joblib
      md5: b46f5d46ba58a6a37cc214acae85069c
      size: 722
